// !$*UTF8*$!
{
	archiveVersion = 1;
	classes = {
	};
	objectVersion = 77;
	objects = {

/* Begin PBXBuildFile section */
		0411ED290830BB56E472DE2E /* PenovaKit in Frameworks */ = {isa = PBXBuildFile; productRef = 7760500F46C4641D7074B00A /* PenovaKit */; };
		0558212BAB6B626A87C40DCE /* ScriptPDFRenderer.swift in Sources */ = {isa = PBXBuildFile; fileRef = 49B93544E3ACE8A7F328C5E0 /* ScriptPDFRenderer.swift */; };
		056B1BA8D0402D0E3F469539 /* PDFLayoutTests.swift in Sources */ = {isa = PBXBuildFile; fileRef = A1C423322938B1FD02C34C1B /* PDFLayoutTests.swift */; };
		05CB5087FA61CF1AA1279F4C /* AppFlowView.swift in Sources */ = {isa = PBXBuildFile; fileRef = AE2D8BA716D668581E9FAB3E /* AppFlowView.swift */; };
		0AE426C3671EECCAD7FBD2CF /* FountainImportPicker.swift in Sources */ = {isa = PBXBuildFile; fileRef = 5FF2D48D683C1E3C0124F948 /* FountainImportPicker.swift */; };
		0B22BADB791826FE15738A6C /* RootView.swift in Sources */ = {isa = PBXBuildFile; fileRef = 27D9B7F2F7A18A3156660103 /* RootView.swift */; };
		124441D3EA9131225BE4F16C /* SettingsScreen.swift in Sources */ = {isa = PBXBuildFile; fileRef = 80956E613FA97F2234F7D02F /* SettingsScreen.swift */; };
		144142179327150946EF429F /* LibrarySidebar.swift in Sources */ = {isa = PBXBuildFile; fileRef = DEFDE9B33673A317F4B0D723 /* LibrarySidebar.swift */; };
		15CBDE9031EE185AAE07D1F1 /* VoiceCaptureSheet.swift in Sources */ = {isa = PBXBuildFile; fileRef = 386EDCE7010C0660598A1563 /* VoiceCaptureSheet.swift */; };
		26CFFF1E938FBA5E7D494F5D /* PDFPageBreakTests.swift in Sources */ = {isa = PBXBuildFile; fileRef = 6C96D74995B8C328443109F9 /* PDFPageBreakTests.swift */; };
		284884FFE3AD913EBC5470DD /* EditorLogic.swift in Sources */ = {isa = PBXBuildFile; fileRef = E0BC2A2EF1C4A439085F2265 /* EditorLogic.swift */; };
		2B6989BE67DE7B010A4183DB /* Inter-SemiBold.ttf in Resources */ = {isa = PBXBuildFile; fileRef = E07C94B3CE06C0D97AC5EC52 /* Inter-SemiBold.ttf */; };
		2D552732A137B6D9E01EFFFE /* LibraryWindowView.swift in Sources */ = {isa = PBXBuildFile; fileRef = 9F8ED3E399DCC78C094F80D1 /* LibraryWindowView.swift */; };
		31582675706C3DC7DBD72022 /* Inter-Bold.ttf in Resources */ = {isa = PBXBuildFile; fileRef = FDC58A3451C8A687494E0E8D /* Inter-Bold.ttf */; };
		32D9431B9CCFFDDF810DDAB8 /* EditorLogicTests.swift in Sources */ = {isa = PBXBuildFile; fileRef = B759711443F2E63064750D1E /* EditorLogicTests.swift */; };
		34C7BD445A5450DFFFAC0F1D /* SceneHeadingParserTests.swift in Sources */ = {isa = PBXBuildFile; fileRef = 1E7DBCCE530AF69736000C07 /* SceneHeadingParserTests.swift */; };
		41EA258C0DAC979563D37DD1 /* CRUDEdgeCaseTests.swift in Sources */ = {isa = PBXBuildFile; fileRef = 1A4524546DE98F2547731BEF /* CRUDEdgeCaseTests.swift */; };
		45303C6FD7E32611E6895DFF /* DesignSystemGallery.swift in Sources */ = {isa = PBXBuildFile; fileRef = 25DC376E071873F871BF16D1 /* DesignSystemGallery.swift */; };
		4DC274E8363B8E0B21D539BA /* SeedData.swift in Sources */ = {isa = PBXBuildFile; fileRef = 77473BD2458260CD0DC78303 /* SeedData.swift */; };
		4F5665867EECA543740A3794 /* RobotoMono-Regular.ttf in Resources */ = {isa = PBXBuildFile; fileRef = BAA130554538A5B7A20E77B3 /* RobotoMono-Regular.ttf */; };
		60353FCE2B1B2736F4A0327E /* MeasurePageCountTests.swift in Sources */ = {isa = PBXBuildFile; fileRef = E99E56D4E56DF23224752606 /* MeasurePageCountTests.swift */; };
		65AC2666F3FB5D7A6BFDE537 /* CharacterDetailScreen.swift in Sources */ = {isa = PBXBuildFile; fileRef = EC097A121D0563C7366C0853 /* CharacterDetailScreen.swift */; };
		69190BB81A070D08F3251619 /* Inter-Regular.ttf in Resources */ = {isa = PBXBuildFile; fileRef = A6C7C497012E1651F70AE05C /* Inter-Regular.ttf */; };
		69E1F46CB2DBE5B025D50B30 /* NewEpisodeSheet.swift in Sources */ = {isa = PBXBuildFile; fileRef = FDF152B2B5911C5872F93D18 /* NewEpisodeSheet.swift */; };
		6DAF2A5656E5286EA2CE1DEA /* ProjectDetailScreen.swift in Sources */ = {isa = PBXBuildFile; fileRef = 74F61AB5FEF81FAA0110A6FC /* ProjectDetailScreen.swift */; };
		6DC007852CF55E8E8331A675 /* FinalDraftXMLWriter.swift in Sources */ = {isa = PBXBuildFile; fileRef = 18DA878972EDF053342BB04A /* FinalDraftXMLWriter.swift */; };
		73134856768E274B337D3FDA /* PlayfairDisplay.ttf in Resources */ = {isa = PBXBuildFile; fileRef = 8CB50832240858F20B0320BA /* PlayfairDisplay.ttf */; };
		789D7B7E9F60458A947F8372 /* Inter-Medium.ttf in Resources */ = {isa = PBXBuildFile; fileRef = 0A833C6BB6A28B4740F4741C /* Inter-Medium.ttf */; };
		7B23584A9B6C26C0D8984C36 /* Inter-Bold.ttf in Resources */ = {isa = PBXBuildFile; fileRef = 25D486CD1D488EE931D32996 /* Inter-Bold.ttf */; };
		7B81B947626453E7EFD8A9EF /* FountainParserTests.swift in Sources */ = {isa = PBXBuildFile; fileRef = C4C69447CF748F361B7C7ADD /* FountainParserTests.swift */; };
		7EF3CE1DE43D0695BF4B4E61 /* ScenePDFContentTests.swift in Sources */ = {isa = PBXBuildFile; fileRef = 5C74CF473DAD618D971CC56E /* ScenePDFContentTests.swift */; };
		8523ED7AB04F36264A3E353A /* PDFTitlePageTests.swift in Sources */ = {isa = PBXBuildFile; fileRef = BA7679894C47D022D747EE1A /* PDFTitlePageTests.swift */; };
		86E5E00F795CD2967D14DDA0 /* SessionPersistenceTests.swift in Sources */ = {isa = PBXBuildFile; fileRef = 0DFD9D9E14428E256DFA8441 /* SessionPersistenceTests.swift */; };
		88F6DF7D512568D43C137C61 /* Inter-OFL.txt in Resources */ = {isa = PBXBuildFile; fileRef = A8BDD3E1DCF8D15F59CABE9F /* Inter-OFL.txt */; };
		89D5691A4D926B8A36B212BC /* FountainParser.swift in Sources */ = {isa = PBXBuildFile; fileRef = 751CB664AE7C442930E4CF1E /* FountainParser.swift */; };
		8AF45CF5D8A835ABF579E109 /* RobotoMono-OFL.txt in Resources */ = {isa = PBXBuildFile; fileRef = D696D098FCAA572DDDE10A01 /* RobotoMono-OFL.txt */; };
		8D738F930FC826A11E790B6F /* RobotoMono-Medium.ttf in Resources */ = {isa = PBXBuildFile; fileRef = 5E9B54B721434D499688F496 /* RobotoMono-Medium.ttf */; };
		916EEA4BD42E8AAE07AE0292 /* ReorderAndStatusTests.swift in Sources */ = {isa = PBXBuildFile; fileRef = E2D00A628D777DD5EA2FFDDC /* ReorderAndStatusTests.swift */; };
		922C18DAC021EE66F7C5DABC /* PenovaMacApp.swift in Sources */ = {isa = PBXBuildFile; fileRef = 4AC3F05DE22C2FC68888D7F3 /* PenovaMacApp.swift */; };
		922ED698C5CE9FD4CDC4DF88 /* NewSceneSheet.swift in Sources */ = {isa = PBXBuildFile; fileRef = 56CF28C1A5CE83380A448E33 /* NewSceneSheet.swift */; };
		960B361F049C22AC5F8905BB /* NewCharacterSheet.swift in Sources */ = {isa = PBXBuildFile; fileRef = 0088C3BF1FC17748F0C1F7D3 /* NewCharacterSheet.swift */; };
		97CB3E4DD1327708132C3259 /* PenovaKit in Frameworks */ = {isa = PBXBuildFile; productRef = D5C1939D3C4FC1EAAA56C020 /* PenovaKit */; };
		98C4412427DA93BEA7000304 /* EpisodeDetailScreen.swift in Sources */ = {isa = PBXBuildFile; fileRef = 978D6DFC08C6404283F4CA0A /* EpisodeDetailScreen.swift */; };
		9B0DD11A70F2C5340D94C2DB /* Inter-Medium.ttf in Resources */ = {isa = PBXBuildFile; fileRef = 2B5E6CC3E7EAD85F7B429F31 /* Inter-Medium.ttf */; };
		9F8CC214502FCE62ED6B0F4D /* SearchAndCharacterReportTests.swift in Sources */ = {isa = PBXBuildFile; fileRef = AE7B232CCCE173DCAFA5D0C6 /* SearchAndCharacterReportTests.swift */; };
		A242B55E8EFA2B83319160F0 /* FinalDraftXMLWriterDeepTests.swift in Sources */ = {isa = PBXBuildFile; fileRef = 01FFB374D0A49467BD6D6FE6 /* FinalDraftXMLWriterDeepTests.swift */; };
		A2C981ECC83CFC236DF1EC2D /* SceneInspector.swift in Sources */ = {isa = PBXBuildFile; fileRef = 6A1A0385BC0F160B4E7687DA /* SceneInspector.swift */; };
		A59363BB5C3DE4F3BD51E4A4 /* Assets.xcassets in Resources */ = {isa = PBXBuildFile; fileRef = 53F0831EB94C9C9471297ABF /* Assets.xcassets */; };
		A5E29C51C287C972F469FC6B /* Inter-SemiBold.ttf in Resources */ = {isa = PBXBuildFile; fileRef = CBE639691AC6770463FFE2C0 /* Inter-SemiBold.ttf */; };
		A6E6D549D31EC32D0F1C3B40 /* ScreenshotMode.swift in Sources */ = {isa = PBXBuildFile; fileRef = CDF3C6C14728D73932A79E0E /* ScreenshotMode.swift */; };
		AB1B1DB6D66A34370C194C98 /* SceneDetailScreen.swift in Sources */ = {isa = PBXBuildFile; fileRef = 7121DFFFC589844BCD2E9656 /* SceneDetailScreen.swift */; };
		AEB6496287E2AB90F38BA9D4 /* CharactersTabScreen.swift in Sources */ = {isa = PBXBuildFile; fileRef = 1E07CE581CF6EC1F2DD0F682 /* CharactersTabScreen.swift */; };
		AEC78FAC7C174237B4CA0A6C /* OnboardingScreen.swift in Sources */ = {isa = PBXBuildFile; fileRef = 02CE112CA5F6DADCBC0654CE /* OnboardingScreen.swift */; };
		AFDAE0EA65484E2108E2DD45 /* FountainRoundTripTests.swift in Sources */ = {isa = PBXBuildFile; fileRef = DE8B8A33B4AEA01C01A267D0 /* FountainRoundTripTests.swift */; };
		B8172462B32AC9F3A7940A93 /* HomeScreen.swift in Sources */ = {isa = PBXBuildFile; fileRef = 9393E2105ADFFAA9F5B6EAFF /* HomeScreen.swift */; };
		BC57586436ECD32B0C711FDE /* PrivacyInfo.xcprivacy in Resources */ = {isa = PBXBuildFile; fileRef = D47D10D04CF254E3BC8425C9 /* PrivacyInfo.xcprivacy */; };
		BD30635423F68E1BB6969664 /* Inter-Regular.ttf in Resources */ = {isa = PBXBuildFile; fileRef = 0D5339999C19B127E5F30696 /* Inter-Regular.ttf */; };
		BE59EA6A43682E9518370802 /* SampleLibrary.swift in Sources */ = {isa = PBXBuildFile; fileRef = 0F754A3C047E4EDF7AC86442 /* SampleLibrary.swift */; };
		C8D43C249B526F471087DCC4 /* PlayfairDisplay.ttf in Resources */ = {isa = PBXBuildFile; fileRef = DD0A6DE12015C425ADCD087F /* PlayfairDisplay.ttf */; };
		CB65D7D98B9E6753BF99F52C /* SceneHeadingParser.swift in Sources */ = {isa = PBXBuildFile; fileRef = 36EE177C0EF6FB7B5BCC8814 /* SceneHeadingParser.swift */; };
		CD037E801F8F3A31C84D0EE7 /* ScenesTabScreen.swift in Sources */ = {isa = PBXBuildFile; fileRef = 100FB18E1E733E1C82EEC0B2 /* ScenesTabScreen.swift */; };
		D2976059AECC1EDEB2B09964 /* IndexCardsPane.swift in Sources */ = {isa = PBXBuildFile; fileRef = 1090844233EFD24671B2E60F /* IndexCardsPane.swift */; };
		D43068233BC7C0D981FC490B /* RobotoMono-Regular.ttf in Resources */ = {isa = PBXBuildFile; fileRef = FCF0744C83E40EF04482F5F7 /* RobotoMono-Regular.ttf */; };
		D5B6C1D6E07B42A741EB79F5 /* SwiftDataCRUDTests.swift in Sources */ = {isa = PBXBuildFile; fileRef = 763E28331EFE77AA60778E56 /* SwiftDataCRUDTests.swift */; };
		D9696A8E089D5E9CCA8856EA /* ScriptsTabScreen.swift in Sources */ = {isa = PBXBuildFile; fileRef = 3732A21AEA40367C7470BB0D /* ScriptsTabScreen.swift */; };
		DF778C848CC79E275A935009 /* RobotoMono-Medium.ttf in Resources */ = {isa = PBXBuildFile; fileRef = 370B8E31B601FA355C655840 /* RobotoMono-Medium.ttf */; };
		E25B5584856EFCF695FF9F4A /* PDFRenderSmokeTests.swift in Sources */ = {isa = PBXBuildFile; fileRef = E3B6F00F8EE34E7B4ED47E22 /* PDFRenderSmokeTests.swift */; };
		E502FDA343AC2117F9A1736A /* OutlinePane.swift in Sources */ = {isa = PBXBuildFile; fileRef = 6F8580265D1037350AC3BD67 /* OutlinePane.swift */; };
		EC0FE37E44AEC0C693E9E9EA /* PenovaApp.swift in Sources */ = {isa = PBXBuildFile; fileRef = 3CE6F3A15D0AD4434CE3EC6D /* PenovaApp.swift */; };
		EF10AD4FB1EB99795AA890C9 /* ExportShareSheet.swift in Sources */ = {isa = PBXBuildFile; fileRef = 0C174318333423CB299A2A6C /* ExportShareSheet.swift */; };
		F364BA6E265C32EE075427BF /* PlayfairDisplay-OFL.txt in Resources */ = {isa = PBXBuildFile; fileRef = D0C16A6B0183760ACD3CD49D /* PlayfairDisplay-OFL.txt */; };
		F38BC3613DF870B47C1379AA /* GlobalSearchView.swift in Sources */ = {isa = PBXBuildFile; fileRef = A0D48F047FDBBA1EA36E4BB1 /* GlobalSearchView.swift */; };
		F51ED583A2CCBC90CD9D2BD8 /* FinalDraftXMLWriterTests.swift in Sources */ = {isa = PBXBuildFile; fileRef = 5C63CE9703BFA3D23C302F9A /* FinalDraftXMLWriterTests.swift */; };
		F7A2A61B747C72927BC704E9 /* FountainExporter.swift in Sources */ = {isa = PBXBuildFile; fileRef = 0AD5C1FB0523638BB0CBC44D /* FountainExporter.swift */; };
		FD2F533A3237E7A629520350 /* SplashScreen.swift in Sources */ = {isa = PBXBuildFile; fileRef = 949E0C9EEA7AA70FB8A69256 /* SplashScreen.swift */; };
		FE15DFA88C81ECA666E59F3D /* ScriptEditorPane.swift in Sources */ = {isa = PBXBuildFile; fileRef = 1BD9C67C488C867C969A1DF2 /* ScriptEditorPane.swift */; };
		FEA45B391C76DB181CB67EE4 /* NewProjectSheet.swift in Sources */ = {isa = PBXBuildFile; fileRef = DE21FB4D260F2E5601AA1A01 /* NewProjectSheet.swift */; };
/* End PBXBuildFile section */

/* Begin PBXContainerItemProxy section */
		3C8F5058C8FA7E2297ACB61E /* PBXContainerItemProxy */ = {
			isa = PBXContainerItemProxy;
			containerPortal = 49DA52B5E2104ACC6DAE449F /* Project object */;
			proxyType = 1;
			remoteGlobalIDString = 4346D55D19BD2F63304DED35;
			remoteInfo = Penova;
		};
/* End PBXContainerItemProxy section */

/* Begin PBXFileReference section */
		0088C3BF1FC17748F0C1F7D3 /* NewCharacterSheet.swift */ = {isa = PBXFileReference; lastKnownFileType = sourcecode.swift; path = NewCharacterSheet.swift; sourceTree = "<group>"; };
		01FFB374D0A49467BD6D6FE6 /* FinalDraftXMLWriterDeepTests.swift */ = {isa = PBXFileReference; lastKnownFileType = sourcecode.swift; path = FinalDraftXMLWriterDeepTests.swift; sourceTree = "<group>"; };
		02CE112CA5F6DADCBC0654CE /* OnboardingScreen.swift */ = {isa = PBXFileReference; lastKnownFileType = sourcecode.swift; path = OnboardingScreen.swift; sourceTree = "<group>"; };
		0A833C6BB6A28B4740F4741C /* Inter-Medium.ttf */ = {isa = PBXFileReference; lastKnownFileType = file; path = "Inter-Medium.ttf"; sourceTree = "<group>"; };
		0AD5C1FB0523638BB0CBC44D /* FountainExporter.swift */ = {isa = PBXFileReference; lastKnownFileType = sourcecode.swift; path = FountainExporter.swift; sourceTree = "<group>"; };
		0C174318333423CB299A2A6C /* ExportShareSheet.swift */ = {isa = PBXFileReference; lastKnownFileType = sourcecode.swift; path = ExportShareSheet.swift; sourceTree = "<group>"; };
		0D5339999C19B127E5F30696 /* Inter-Regular.ttf */ = {isa = PBXFileReference; lastKnownFileType = file; path = "Inter-Regular.ttf"; sourceTree = "<group>"; };
		0DFD9D9E14428E256DFA8441 /* SessionPersistenceTests.swift */ = {isa = PBXFileReference; lastKnownFileType = sourcecode.swift; path = SessionPersistenceTests.swift; sourceTree = "<group>"; };
		0F754A3C047E4EDF7AC86442 /* SampleLibrary.swift */ = {isa = PBXFileReference; lastKnownFileType = sourcecode.swift; path = SampleLibrary.swift; sourceTree = "<group>"; };
		100FB18E1E733E1C82EEC0B2 /* ScenesTabScreen.swift */ = {isa = PBXFileReference; lastKnownFileType = sourcecode.swift; path = ScenesTabScreen.swift; sourceTree = "<group>"; };
		1090844233EFD24671B2E60F /* IndexCardsPane.swift */ = {isa = PBXFileReference; lastKnownFileType = sourcecode.swift; path = IndexCardsPane.swift; sourceTree = "<group>"; };
		172CACD48B8CA9B61E3EFE75 /* Info.plist */ = {isa = PBXFileReference; lastKnownFileType = text.plist; path = Info.plist; sourceTree = "<group>"; };
		18DA878972EDF053342BB04A /* FinalDraftXMLWriter.swift */ = {isa = PBXFileReference; lastKnownFileType = sourcecode.swift; path = FinalDraftXMLWriter.swift; sourceTree = "<group>"; };
		1A4524546DE98F2547731BEF /* CRUDEdgeCaseTests.swift */ = {isa = PBXFileReference; lastKnownFileType = sourcecode.swift; path = CRUDEdgeCaseTests.swift; sourceTree = "<group>"; };
		1BD9C67C488C867C969A1DF2 /* ScriptEditorPane.swift */ = {isa = PBXFileReference; lastKnownFileType = sourcecode.swift; path = ScriptEditorPane.swift; sourceTree = "<group>"; };
		1E07CE581CF6EC1F2DD0F682 /* CharactersTabScreen.swift */ = {isa = PBXFileReference; lastKnownFileType = sourcecode.swift; path = CharactersTabScreen.swift; sourceTree = "<group>"; };
		1E7DBCCE530AF69736000C07 /* SceneHeadingParserTests.swift */ = {isa = PBXFileReference; lastKnownFileType = sourcecode.swift; path = SceneHeadingParserTests.swift; sourceTree = "<group>"; };
		25D486CD1D488EE931D32996 /* Inter-Bold.ttf */ = {isa = PBXFileReference; lastKnownFileType = file; path = "Inter-Bold.ttf"; sourceTree = "<group>"; };
		25DC376E071873F871BF16D1 /* DesignSystemGallery.swift */ = {isa = PBXFileReference; lastKnownFileType = sourcecode.swift; path = DesignSystemGallery.swift; sourceTree = "<group>"; };
		27D9B7F2F7A18A3156660103 /* RootView.swift */ = {isa = PBXFileReference; lastKnownFileType = sourcecode.swift; path = RootView.swift; sourceTree = "<group>"; };
		2B5E6CC3E7EAD85F7B429F31 /* Inter-Medium.ttf */ = {isa = PBXFileReference; lastKnownFileType = file; path = "Inter-Medium.ttf"; sourceTree = "<group>"; };
		36EE177C0EF6FB7B5BCC8814 /* SceneHeadingParser.swift */ = {isa = PBXFileReference; lastKnownFileType = sourcecode.swift; path = SceneHeadingParser.swift; sourceTree = "<group>"; };
		370B8E31B601FA355C655840 /* RobotoMono-Medium.ttf */ = {isa = PBXFileReference; lastKnownFileType = file; path = "RobotoMono-Medium.ttf"; sourceTree = "<group>"; };
		3732A21AEA40367C7470BB0D /* ScriptsTabScreen.swift */ = {isa = PBXFileReference; lastKnownFileType = sourcecode.swift; path = ScriptsTabScreen.swift; sourceTree = "<group>"; };
		386EDCE7010C0660598A1563 /* VoiceCaptureSheet.swift */ = {isa = PBXFileReference; lastKnownFileType = sourcecode.swift; path = VoiceCaptureSheet.swift; sourceTree = "<group>"; };
		3CE6F3A15D0AD4434CE3EC6D /* PenovaApp.swift */ = {isa = PBXFileReference; lastKnownFileType = sourcecode.swift; path = PenovaApp.swift; sourceTree = "<group>"; };
		49B93544E3ACE8A7F328C5E0 /* ScriptPDFRenderer.swift */ = {isa = PBXFileReference; lastKnownFileType = sourcecode.swift; path = ScriptPDFRenderer.swift; sourceTree = "<group>"; };
		4AC3F05DE22C2FC68888D7F3 /* PenovaMacApp.swift */ = {isa = PBXFileReference; lastKnownFileType = sourcecode.swift; path = PenovaMacApp.swift; sourceTree = "<group>"; };
		53F0831EB94C9C9471297ABF /* Assets.xcassets */ = {isa = PBXFileReference; lastKnownFileType = folder.assetcatalog; path = Assets.xcassets; sourceTree = "<group>"; };
		56CF28C1A5CE83380A448E33 /* NewSceneSheet.swift */ = {isa = PBXFileReference; lastKnownFileType = sourcecode.swift; path = NewSceneSheet.swift; sourceTree = "<group>"; };
		5C63CE9703BFA3D23C302F9A /* FinalDraftXMLWriterTests.swift */ = {isa = PBXFileReference; lastKnownFileType = sourcecode.swift; path = FinalDraftXMLWriterTests.swift; sourceTree = "<group>"; };
		5C74CF473DAD618D971CC56E /* ScenePDFContentTests.swift */ = {isa = PBXFileReference; lastKnownFileType = sourcecode.swift; path = ScenePDFContentTests.swift; sourceTree = "<group>"; };
		5E9B54B721434D499688F496 /* RobotoMono-Medium.ttf */ = {isa = PBXFileReference; lastKnownFileType = file; path = "RobotoMono-Medium.ttf"; sourceTree = "<group>"; };
		5FF2D48D683C1E3C0124F948 /* FountainImportPicker.swift */ = {isa = PBXFileReference; lastKnownFileType = sourcecode.swift; path = FountainImportPicker.swift; sourceTree = "<group>"; };
		61D16A60309038240D2F3927 /* PenovaMac.app */ = {isa = PBXFileReference; explicitFileType = wrapper.application; includeInIndex = 0; path = PenovaMac.app; sourceTree = BUILT_PRODUCTS_DIR; };
		6A1A0385BC0F160B4E7687DA /* SceneInspector.swift */ = {isa = PBXFileReference; lastKnownFileType = sourcecode.swift; path = SceneInspector.swift; sourceTree = "<group>"; };
		6C96D74995B8C328443109F9 /* PDFPageBreakTests.swift */ = {isa = PBXFileReference; lastKnownFileType = sourcecode.swift; path = PDFPageBreakTests.swift; sourceTree = "<group>"; };
		6F8580265D1037350AC3BD67 /* OutlinePane.swift */ = {isa = PBXFileReference; lastKnownFileType = sourcecode.swift; path = OutlinePane.swift; sourceTree = "<group>"; };
		7121DFFFC589844BCD2E9656 /* SceneDetailScreen.swift */ = {isa = PBXFileReference; lastKnownFileType = sourcecode.swift; path = SceneDetailScreen.swift; sourceTree = "<group>"; };
		74F61AB5FEF81FAA0110A6FC /* ProjectDetailScreen.swift */ = {isa = PBXFileReference; lastKnownFileType = sourcecode.swift; path = ProjectDetailScreen.swift; sourceTree = "<group>"; };
		751CB664AE7C442930E4CF1E /* FountainParser.swift */ = {isa = PBXFileReference; lastKnownFileType = sourcecode.swift; path = FountainParser.swift; sourceTree = "<group>"; };
		763E28331EFE77AA60778E56 /* SwiftDataCRUDTests.swift */ = {isa = PBXFileReference; lastKnownFileType = sourcecode.swift; path = SwiftDataCRUDTests.swift; sourceTree = "<group>"; };
		77473BD2458260CD0DC78303 /* SeedData.swift */ = {isa = PBXFileReference; lastKnownFileType = sourcecode.swift; path = SeedData.swift; sourceTree = "<group>"; };
		78A0B0D4B3BCC3DB31669AB1 /* PenovaMac.entitlements */ = {isa = PBXFileReference; lastKnownFileType = text.plist.entitlements; path = PenovaMac.entitlements; sourceTree = "<group>"; };
		80956E613FA97F2234F7D02F /* SettingsScreen.swift */ = {isa = PBXFileReference; lastKnownFileType = sourcecode.swift; path = SettingsScreen.swift; sourceTree = "<group>"; };
		8C0A7A64681635BBE97E67C6 /* Penova.entitlements */ = {isa = PBXFileReference; lastKnownFileType = text.plist.entitlements; path = Penova.entitlements; sourceTree = "<group>"; };
		8CB50832240858F20B0320BA /* PlayfairDisplay.ttf */ = {isa = PBXFileReference; lastKnownFileType = file; path = PlayfairDisplay.ttf; sourceTree = "<group>"; };
		9393E2105ADFFAA9F5B6EAFF /* HomeScreen.swift */ = {isa = PBXFileReference; lastKnownFileType = sourcecode.swift; path = HomeScreen.swift; sourceTree = "<group>"; };
		949E0C9EEA7AA70FB8A69256 /* SplashScreen.swift */ = {isa = PBXFileReference; lastKnownFileType = sourcecode.swift; path = SplashScreen.swift; sourceTree = "<group>"; };
		9734E0B100C1FDEBEC477D1C /* Info.plist */ = {isa = PBXFileReference; lastKnownFileType = text.plist; path = Info.plist; sourceTree = "<group>"; };
		978D6DFC08C6404283F4CA0A /* EpisodeDetailScreen.swift */ = {isa = PBXFileReference; lastKnownFileType = sourcecode.swift; path = EpisodeDetailScreen.swift; sourceTree = "<group>"; };
		9F8ED3E399DCC78C094F80D1 /* LibraryWindowView.swift */ = {isa = PBXFileReference; lastKnownFileType = sourcecode.swift; path = LibraryWindowView.swift; sourceTree = "<group>"; };
		A0D48F047FDBBA1EA36E4BB1 /* GlobalSearchView.swift */ = {isa = PBXFileReference; lastKnownFileType = sourcecode.swift; path = GlobalSearchView.swift; sourceTree = "<group>"; };
		A1C423322938B1FD02C34C1B /* PDFLayoutTests.swift */ = {isa = PBXFileReference; lastKnownFileType = sourcecode.swift; path = PDFLayoutTests.swift; sourceTree = "<group>"; };
		A6C7C497012E1651F70AE05C /* Inter-Regular.ttf */ = {isa = PBXFileReference; lastKnownFileType = file; path = "Inter-Regular.ttf"; sourceTree = "<group>"; };
		A8BDD3E1DCF8D15F59CABE9F /* Inter-OFL.txt */ = {isa = PBXFileReference; lastKnownFileType = text; path = "Inter-OFL.txt"; sourceTree = "<group>"; };
		AE2D8BA716D668581E9FAB3E /* AppFlowView.swift */ = {isa = PBXFileReference; lastKnownFileType = sourcecode.swift; path = AppFlowView.swift; sourceTree = "<group>"; };
		AE7B232CCCE173DCAFA5D0C6 /* SearchAndCharacterReportTests.swift */ = {isa = PBXFileReference; lastKnownFileType = sourcecode.swift; path = SearchAndCharacterReportTests.swift; sourceTree = "<group>"; };
		B759711443F2E63064750D1E /* EditorLogicTests.swift */ = {isa = PBXFileReference; lastKnownFileType = sourcecode.swift; path = EditorLogicTests.swift; sourceTree = "<group>"; };
		BA7679894C47D022D747EE1A /* PDFTitlePageTests.swift */ = {isa = PBXFileReference; lastKnownFileType = sourcecode.swift; path = PDFTitlePageTests.swift; sourceTree = "<group>"; };
		BAA130554538A5B7A20E77B3 /* RobotoMono-Regular.ttf */ = {isa = PBXFileReference; lastKnownFileType = file; path = "RobotoMono-Regular.ttf"; sourceTree = "<group>"; };
		C303CD56BA9A30D36DFD75BB /* PenovaKit */ = {isa = PBXFileReference; lastKnownFileType = folder; name = PenovaKit; path = PenovaKit; sourceTree = SOURCE_ROOT; };
		C4C69447CF748F361B7C7ADD /* FountainParserTests.swift */ = {isa = PBXFileReference; lastKnownFileType = sourcecode.swift; path = FountainParserTests.swift; sourceTree = "<group>"; };
		CBE639691AC6770463FFE2C0 /* Inter-SemiBold.ttf */ = {isa = PBXFileReference; lastKnownFileType = file; path = "Inter-SemiBold.ttf"; sourceTree = "<group>"; };
		CDF3C6C14728D73932A79E0E /* ScreenshotMode.swift */ = {isa = PBXFileReference; lastKnownFileType = sourcecode.swift; path = ScreenshotMode.swift; sourceTree = "<group>"; };
		D0C16A6B0183760ACD3CD49D /* PlayfairDisplay-OFL.txt */ = {isa = PBXFileReference; lastKnownFileType = text; path = "PlayfairDisplay-OFL.txt"; sourceTree = "<group>"; };
		D47D10D04CF254E3BC8425C9 /* PrivacyInfo.xcprivacy */ = {isa = PBXFileReference; path = PrivacyInfo.xcprivacy; sourceTree = "<group>"; };
		D696D098FCAA572DDDE10A01 /* RobotoMono-OFL.txt */ = {isa = PBXFileReference; lastKnownFileType = text; path = "RobotoMono-OFL.txt"; sourceTree = "<group>"; };
		DD0A6DE12015C425ADCD087F /* PlayfairDisplay.ttf */ = {isa = PBXFileReference; lastKnownFileType = file; path = PlayfairDisplay.ttf; sourceTree = "<group>"; };
		DE21FB4D260F2E5601AA1A01 /* NewProjectSheet.swift */ = {isa = PBXFileReference; lastKnownFileType = sourcecode.swift; path = NewProjectSheet.swift; sourceTree = "<group>"; };
		DE6B1F6492966F2B448907F3 /* PenovaTests.xctest */ = {isa = PBXFileReference; includeInIndex = 0; lastKnownFileType = wrapper.cfbundle; path = PenovaTests.xctest; sourceTree = BUILT_PRODUCTS_DIR; };
		DE8B8A33B4AEA01C01A267D0 /* FountainRoundTripTests.swift */ = {isa = PBXFileReference; lastKnownFileType = sourcecode.swift; path = FountainRoundTripTests.swift; sourceTree = "<group>"; };
		DEFDE9B33673A317F4B0D723 /* LibrarySidebar.swift */ = {isa = PBXFileReference; lastKnownFileType = sourcecode.swift; path = LibrarySidebar.swift; sourceTree = "<group>"; };
		E07C94B3CE06C0D97AC5EC52 /* Inter-SemiBold.ttf */ = {isa = PBXFileReference; lastKnownFileType = file; path = "Inter-SemiBold.ttf"; sourceTree = "<group>"; };
		E0BC2A2EF1C4A439085F2265 /* EditorLogic.swift */ = {isa = PBXFileReference; lastKnownFileType = sourcecode.swift; path = EditorLogic.swift; sourceTree = "<group>"; };
		E2D00A628D777DD5EA2FFDDC /* ReorderAndStatusTests.swift */ = {isa = PBXFileReference; lastKnownFileType = sourcecode.swift; path = ReorderAndStatusTests.swift; sourceTree = "<group>"; };
		E3B6F00F8EE34E7B4ED47E22 /* PDFRenderSmokeTests.swift */ = {isa = PBXFileReference; lastKnownFileType = sourcecode.swift; path = PDFRenderSmokeTests.swift; sourceTree = "<group>"; };
		E84EA7836B350608A4B2B035 /* Penova.app */ = {isa = PBXFileReference; includeInIndex = 0; lastKnownFileType = wrapper.application; path = Penova.app; sourceTree = BUILT_PRODUCTS_DIR; };
		E99E56D4E56DF23224752606 /* MeasurePageCountTests.swift */ = {isa = PBXFileReference; lastKnownFileType = sourcecode.swift; path = MeasurePageCountTests.swift; sourceTree = "<group>"; };
		EC097A121D0563C7366C0853 /* CharacterDetailScreen.swift */ = {isa = PBXFileReference; lastKnownFileType = sourcecode.swift; path = CharacterDetailScreen.swift; sourceTree = "<group>"; };
		FCF0744C83E40EF04482F5F7 /* RobotoMono-Regular.ttf */ = {isa = PBXFileReference; lastKnownFileType = file; path = "RobotoMono-Regular.ttf"; sourceTree = "<group>"; };
		FDC58A3451C8A687494E0E8D /* Inter-Bold.ttf */ = {isa = PBXFileReference; lastKnownFileType = file; path = "Inter-Bold.ttf"; sourceTree = "<group>"; };
		FDF152B2B5911C5872F93D18 /* NewEpisodeSheet.swift */ = {isa = PBXFileReference; lastKnownFileType = sourcecode.swift; path = NewEpisodeSheet.swift; sourceTree = "<group>"; };
/* End PBXFileReference section */

/* Begin PBXFrameworksBuildPhase section */
		A12172F56A9E952689796614 /* Frameworks */ = {
			isa = PBXFrameworksBuildPhase;
			buildActionMask = 2147483647;
			files = (
				97CB3E4DD1327708132C3259 /* PenovaKit in Frameworks */,
			);
			runOnlyForDeploymentPostprocessing = 0;
		};
		D047CFEB5D2CA3BC8E69906C /* Frameworks */ = {
			isa = PBXFrameworksBuildPhase;
			buildActionMask = 2147483647;
			files = (
				0411ED290830BB56E472DE2E /* PenovaKit in Frameworks */,
			);
			runOnlyForDeploymentPostprocessing = 0;
		};
/* End PBXFrameworksBuildPhase section */

/* Begin PBXGroup section */
		01D2EFC534D0C046FA80E61F /* Scripts */ = {
			isa = PBXGroup;
			children = (
				3732A21AEA40367C7470BB0D /* ScriptsTabScreen.swift */,
			);
			path = Scripts;
			sourceTree = "<group>";
		};
		21A01391E7C9486D918CF8AF /* Inspector */ = {
			isa = PBXGroup;
			children = (
				6A1A0385BC0F160B4E7687DA /* SceneInspector.swift */,
			);
			path = Inspector;
			sourceTree = "<group>";
		};
		22026E0C65BA51EC2A922EE2 /* Packages */ = {
			isa = PBXGroup;
			children = (
				C303CD56BA9A30D36DFD75BB /* PenovaKit */,
			);
			name = Packages;
			sourceTree = "<group>";
		};
		2EFDCE078CCDECE3E4F83B3B /* PenovaTests */ = {
			isa = PBXGroup;
			children = (
				1A4524546DE98F2547731BEF /* CRUDEdgeCaseTests.swift */,
				B759711443F2E63064750D1E /* EditorLogicTests.swift */,
				01FFB374D0A49467BD6D6FE6 /* FinalDraftXMLWriterDeepTests.swift */,
				5C63CE9703BFA3D23C302F9A /* FinalDraftXMLWriterTests.swift */,
				C4C69447CF748F361B7C7ADD /* FountainParserTests.swift */,
				DE8B8A33B4AEA01C01A267D0 /* FountainRoundTripTests.swift */,
				E99E56D4E56DF23224752606 /* MeasurePageCountTests.swift */,
				A1C423322938B1FD02C34C1B /* PDFLayoutTests.swift */,
				6C96D74995B8C328443109F9 /* PDFPageBreakTests.swift */,
				E3B6F00F8EE34E7B4ED47E22 /* PDFRenderSmokeTests.swift */,
				BA7679894C47D022D747EE1A /* PDFTitlePageTests.swift */,
				E2D00A628D777DD5EA2FFDDC /* ReorderAndStatusTests.swift */,
				1E7DBCCE530AF69736000C07 /* SceneHeadingParserTests.swift */,
				5C74CF473DAD618D971CC56E /* ScenePDFContentTests.swift */,
				AE7B232CCCE173DCAFA5D0C6 /* SearchAndCharacterReportTests.swift */,
				0DFD9D9E14428E256DFA8441 /* SessionPersistenceTests.swift */,
				763E28331EFE77AA60778E56 /* SwiftDataCRUDTests.swift */,
			);
			path = PenovaTests;
			sourceTree = "<group>";
		};
		32454888D7F0917B1E76FAC2 /* QuickCapture */ = {
			isa = PBXGroup;
			children = (
				386EDCE7010C0660598A1563 /* VoiceCaptureSheet.swift */,
			);
			path = QuickCapture;
			sourceTree = "<group>";
		};
		3AC9FD385B55E5482B65356A /* Onboarding */ = {
			isa = PBXGroup;
			children = (
				02CE112CA5F6DADCBC0654CE /* OnboardingScreen.swift */,
				949E0C9EEA7AA70FB8A69256 /* SplashScreen.swift */,
			);
			path = Onboarding;
			sourceTree = "<group>";
		};
		402EECE80CAD6F3BA2D4634A /* Resources */ = {
			isa = PBXGroup;
			children = (
				44322770DB8072793E68A20A /* Fonts */,
			);
			path = Resources;
			sourceTree = "<group>";
		};
		44322770DB8072793E68A20A /* Fonts */ = {
			isa = PBXGroup;
			children = (
				FDC58A3451C8A687494E0E8D /* Inter-Bold.ttf */,
				0A833C6BB6A28B4740F4741C /* Inter-Medium.ttf */,
				0D5339999C19B127E5F30696 /* Inter-Regular.ttf */,
				E07C94B3CE06C0D97AC5EC52 /* Inter-SemiBold.ttf */,
				DD0A6DE12015C425ADCD087F /* PlayfairDisplay.ttf */,
				5E9B54B721434D499688F496 /* RobotoMono-Medium.ttf */,
				BAA130554538A5B7A20E77B3 /* RobotoMono-Regular.ttf */,
			);
			path = Fonts;
			sourceTree = "<group>";
		};
		4A55ACE94D2CF36F55D664B8 /* Search */ = {
			isa = PBXGroup;
			children = (
				A0D48F047FDBBA1EA36E4BB1 /* GlobalSearchView.swift */,
			);
			path = Search;
			sourceTree = "<group>";
		};
		5021BDE0A26001D87A743C61 /* App */ = {
			isa = PBXGroup;
			children = (
				9734E0B100C1FDEBEC477D1C /* Info.plist */,
				78A0B0D4B3BCC3DB31669AB1 /* PenovaMac.entitlements */,
				4AC3F05DE22C2FC68888D7F3 /* PenovaMacApp.swift */,
				0F754A3C047E4EDF7AC86442 /* SampleLibrary.swift */,
			);
			path = App;
			sourceTree = "<group>";
		};
		508F5F3427E71B408FE3228F /* Resources */ = {
			isa = PBXGroup;
			children = (
				53F0831EB94C9C9471297ABF /* Assets.xcassets */,
				D47D10D04CF254E3BC8425C9 /* PrivacyInfo.xcprivacy */,
				FCCD3BFDD1ECD25EA3DDC6C1 /* Fonts */,
			);
			path = Resources;
			sourceTree = "<group>";
		};
		57FB91B8CC0485D6671C71E2 /* Library */ = {
			isa = PBXGroup;
			children = (
				1090844233EFD24671B2E60F /* IndexCardsPane.swift */,
				DEFDE9B33673A317F4B0D723 /* LibrarySidebar.swift */,
				9F8ED3E399DCC78C094F80D1 /* LibraryWindowView.swift */,
				6F8580265D1037350AC3BD67 /* OutlinePane.swift */,
			);
			path = Library;
			sourceTree = "<group>";
		};
		5B7A06C19E7DF05C4B001ADF /* Export */ = {
			isa = PBXGroup;
			children = (
				0C174318333423CB299A2A6C /* ExportShareSheet.swift */,
				18DA878972EDF053342BB04A /* FinalDraftXMLWriter.swift */,
				0AD5C1FB0523638BB0CBC44D /* FountainExporter.swift */,
				49B93544E3ACE8A7F328C5E0 /* ScriptPDFRenderer.swift */,
			);
			path = Export;
			sourceTree = "<group>";
		};
		5CA80157693DFD89968EB7D3 /* Scenes */ = {
			isa = PBXGroup;
			children = (
				100FB18E1E733E1C82EEC0B2 /* ScenesTabScreen.swift */,
			);
			path = Scenes;
			sourceTree = "<group>";
		};
		6DAA8A4EA06633B149DFEEA5 /* Editor */ = {
			isa = PBXGroup;
			children = (
				1BD9C67C488C867C969A1DF2 /* ScriptEditorPane.swift */,
			);
			path = Editor;
			sourceTree = "<group>";
		};
		73BBEF8A56BF78600D42DE56 /* Project */ = {
			isa = PBXGroup;
			children = (
				FDF152B2B5911C5872F93D18 /* NewEpisodeSheet.swift */,
				DE21FB4D260F2E5601AA1A01 /* NewProjectSheet.swift */,
				74F61AB5FEF81FAA0110A6FC /* ProjectDetailScreen.swift */,
			);
			path = Project;
			sourceTree = "<group>";
		};
		7659BBC34F303C07322E11DC /* Products */ = {
			isa = PBXGroup;
			children = (
				E84EA7836B350608A4B2B035 /* Penova.app */,
				61D16A60309038240D2F3927 /* PenovaMac.app */,
				DE6B1F6492966F2B448907F3 /* PenovaTests.xctest */,
			);
			name = Products;
			sourceTree = "<group>";
		};
		877B1EA535C8525FB0A01B3E /* Episode */ = {
			isa = PBXGroup;
			children = (
				978D6DFC08C6404283F4CA0A /* EpisodeDetailScreen.swift */,
			);
			path = Episode;
			sourceTree = "<group>";
		};
		AF65C8DC1B0372E714FC35AC /* Penova */ = {
			isa = PBXGroup;
			children = (
				E96F25384978B12E1DDEF0B0 /* App */,
				B4438DAFB5D657B4315402BD /* Features */,
				508F5F3427E71B408FE3228F /* Resources */,
			);
			path = Penova;
			sourceTree = "<group>";
		};
		AFEDD0E6DEC686210C840229 /* Settings */ = {
			isa = PBXGroup;
			children = (
				80956E613FA97F2234F7D02F /* SettingsScreen.swift */,
			);
			path = Settings;
			sourceTree = "<group>";
		};
		B4438DAFB5D657B4315402BD /* Features */ = {
			isa = PBXGroup;
			children = (
				E82EB8D49DE76E044DA506E3 /* Characters */,
				877B1EA535C8525FB0A01B3E /* Episode */,
				5B7A06C19E7DF05C4B001ADF /* Export */,
				CE35D1E1E5804C9FBCF84F99 /* Gallery */,
				C8ADE7973F3270223EC9A896 /* Home */,
				DBF84439CC8E4D61FC8A8386 /* Import */,
				3AC9FD385B55E5482B65356A /* Onboarding */,
				73BBEF8A56BF78600D42DE56 /* Project */,
				32454888D7F0917B1E76FAC2 /* QuickCapture */,
				C411B8A7C76277562D9CAB7B /* Scene */,
				5CA80157693DFD89968EB7D3 /* Scenes */,
				01D2EFC534D0C046FA80E61F /* Scripts */,
				4A55ACE94D2CF36F55D664B8 /* Search */,
				AFEDD0E6DEC686210C840229 /* Settings */,
			);
			path = Features;
			sourceTree = "<group>";
		};
		B7508883A6C3A501831A3B4B = {
			isa = PBXGroup;
			children = (
				22026E0C65BA51EC2A922EE2 /* Packages */,
				AF65C8DC1B0372E714FC35AC /* Penova */,
				DDDEF499141C6F7DDB00336B /* PenovaMac */,
				2EFDCE078CCDECE3E4F83B3B /* PenovaTests */,
				7659BBC34F303C07322E11DC /* Products */,
			);
			sourceTree = "<group>";
		};
		C411B8A7C76277562D9CAB7B /* Scene */ = {
			isa = PBXGroup;
			children = (
				E0BC2A2EF1C4A439085F2265 /* EditorLogic.swift */,
				56CF28C1A5CE83380A448E33 /* NewSceneSheet.swift */,
				7121DFFFC589844BCD2E9656 /* SceneDetailScreen.swift */,
				36EE177C0EF6FB7B5BCC8814 /* SceneHeadingParser.swift */,
			);
			path = Scene;
			sourceTree = "<group>";
		};
		C8ADE7973F3270223EC9A896 /* Home */ = {
			isa = PBXGroup;
			children = (
				9393E2105ADFFAA9F5B6EAFF /* HomeScreen.swift */,
			);
			path = Home;
			sourceTree = "<group>";
		};
		CE35D1E1E5804C9FBCF84F99 /* Gallery */ = {
			isa = PBXGroup;
			children = (
				25DC376E071873F871BF16D1 /* DesignSystemGallery.swift */,
			);
			path = Gallery;
			sourceTree = "<group>";
		};
		D37AE740D65B050C8BD8B27E /* Features */ = {
			isa = PBXGroup;
			children = (
				6DAA8A4EA06633B149DFEEA5 /* Editor */,
				21A01391E7C9486D918CF8AF /* Inspector */,
				57FB91B8CC0485D6671C71E2 /* Library */,
			);
			path = Features;
			sourceTree = "<group>";
		};
		DBF84439CC8E4D61FC8A8386 /* Import */ = {
			isa = PBXGroup;
			children = (
				5FF2D48D683C1E3C0124F948 /* FountainImportPicker.swift */,
				751CB664AE7C442930E4CF1E /* FountainParser.swift */,
			);
			path = Import;
			sourceTree = "<group>";
		};
		DDDEF499141C6F7DDB00336B /* PenovaMac */ = {
			isa = PBXGroup;
			children = (
				5021BDE0A26001D87A743C61 /* App */,
				D37AE740D65B050C8BD8B27E /* Features */,
				402EECE80CAD6F3BA2D4634A /* Resources */,
			);
			path = PenovaMac;
			sourceTree = "<group>";
		};
		E82EB8D49DE76E044DA506E3 /* Characters */ = {
			isa = PBXGroup;
			children = (
				EC097A121D0563C7366C0853 /* CharacterDetailScreen.swift */,
				1E07CE581CF6EC1F2DD0F682 /* CharactersTabScreen.swift */,
				0088C3BF1FC17748F0C1F7D3 /* NewCharacterSheet.swift */,
			);
			path = Characters;
			sourceTree = "<group>";
		};
		E96F25384978B12E1DDEF0B0 /* App */ = {
			isa = PBXGroup;
			children = (
				AE2D8BA716D668581E9FAB3E /* AppFlowView.swift */,
				172CACD48B8CA9B61E3EFE75 /* Info.plist */,
				8C0A7A64681635BBE97E67C6 /* Penova.entitlements */,
				3CE6F3A15D0AD4434CE3EC6D /* PenovaApp.swift */,
				27D9B7F2F7A18A3156660103 /* RootView.swift */,
				CDF3C6C14728D73932A79E0E /* ScreenshotMode.swift */,
				77473BD2458260CD0DC78303 /* SeedData.swift */,
			);
			path = App;
			sourceTree = "<group>";
		};
		FCCD3BFDD1ECD25EA3DDC6C1 /* Fonts */ = {
			isa = PBXGroup;
			children = (
				25D486CD1D488EE931D32996 /* Inter-Bold.ttf */,
				2B5E6CC3E7EAD85F7B429F31 /* Inter-Medium.ttf */,
				A8BDD3E1DCF8D15F59CABE9F /* Inter-OFL.txt */,
				A6C7C497012E1651F70AE05C /* Inter-Regular.ttf */,
				CBE639691AC6770463FFE2C0 /* Inter-SemiBold.ttf */,
				D0C16A6B0183760ACD3CD49D /* PlayfairDisplay-OFL.txt */,
				8CB50832240858F20B0320BA /* PlayfairDisplay.ttf */,
				370B8E31B601FA355C655840 /* RobotoMono-Medium.ttf */,
				D696D098FCAA572DDDE10A01 /* RobotoMono-OFL.txt */,
				FCF0744C83E40EF04482F5F7 /* RobotoMono-Regular.ttf */,
			);
			path = Fonts;
			sourceTree = "<group>";
		};
/* End PBXGroup section */

/* Begin PBXNativeTarget section */
		27C74FFA1B5191C73F444DBE /* PenovaTests */ = {
			isa = PBXNativeTarget;
			buildConfigurationList = 2D6F69544E0C4AFA54AFCF6E /* Build configuration list for PBXNativeTarget "PenovaTests" */;
			buildPhases = (
				408BEAB7C69882310A060858 /* Sources */,
			);
			buildRules = (
			);
			dependencies = (
				4074EA34C28E16F43DDB4C0A /* PBXTargetDependency */,
			);
			name = PenovaTests;
			packageProductDependencies = (
			);
			productName = PenovaTests;
			productReference = DE6B1F6492966F2B448907F3 /* PenovaTests.xctest */;
			productType = "com.apple.product-type.bundle.unit-test";
		};
		4346D55D19BD2F63304DED35 /* Penova */ = {
			isa = PBXNativeTarget;
			buildConfigurationList = 8774DC3BE088BD6C86514B8E /* Build configuration list for PBXNativeTarget "Penova" */;
			buildPhases = (
				D44FA31476161DA9A6F6A6AD /* Sources */,
				7861E164A428B8DB333DB0B8 /* Resources */,
				A12172F56A9E952689796614 /* Frameworks */,
			);
			buildRules = (
			);
			dependencies = (
			);
			name = Penova;
			packageProductDependencies = (
				D5C1939D3C4FC1EAAA56C020 /* PenovaKit */,
			);
			productName = Penova;
			productReference = E84EA7836B350608A4B2B035 /* Penova.app */;
			productType = "com.apple.product-type.application";
		};
		6F92A9D852B92BAD04179889 /* PenovaMac */ = {
			isa = PBXNativeTarget;
			buildConfigurationList = 59D95BA9A60088E18EC0A2AA /* Build configuration list for PBXNativeTarget "PenovaMac" */;
			buildPhases = (
				9BD4D25DB4E542A3A69516E7 /* Sources */,
				C625512B36B22E2FD2967E26 /* Resources */,
				D047CFEB5D2CA3BC8E69906C /* Frameworks */,
			);
			buildRules = (
			);
			dependencies = (
			);
			name = PenovaMac;
			packageProductDependencies = (
				7760500F46C4641D7074B00A /* PenovaKit */,
			);
			productName = PenovaMac;
			productReference = 61D16A60309038240D2F3927 /* PenovaMac.app */;
			productType = "com.apple.product-type.application";
		};
/* End PBXNativeTarget section */

/* Begin PBXProject section */
		49DA52B5E2104ACC6DAE449F /* Project object */ = {
			isa = PBXProject;
			attributes = {
				BuildIndependentTargetsInParallel = YES;
				LastUpgradeCheck = 1430;
				TargetAttributes = {
					4346D55D19BD2F63304DED35 = {
						DevelopmentTeam = "";
						ProvisioningStyle = Automatic;
					};
					6F92A9D852B92BAD04179889 = {
						DevelopmentTeam = "";
						ProvisioningStyle = Automatic;
					};
				};
			};
			buildConfigurationList = F4DAF84D725703BDB320BCB0 /* Build configuration list for PBXProject "Penova" */;
			developmentRegion = en;
			hasScannedForEncodings = 0;
			knownRegions = (
				Base,
				en,
			);
			mainGroup = B7508883A6C3A501831A3B4B;
			minimizedProjectReferenceProxies = 1;
			packageReferences = (
				4B5667F0D74218287E7E35C5 /* XCLocalSwiftPackageReference "PenovaKit" */,
			);
			preferredProjectObjectVersion = 77;
			productRefGroup = 7659BBC34F303C07322E11DC /* Products */;
			projectDirPath = "";
			projectRoot = "";
			targets = (
				4346D55D19BD2F63304DED35 /* Penova */,
				6F92A9D852B92BAD04179889 /* PenovaMac */,
				27C74FFA1B5191C73F444DBE /* PenovaTests */,
			);
		};
/* End PBXProject section */

/* Begin PBXResourcesBuildPhase section */
		7861E164A428B8DB333DB0B8 /* Resources */ = {
			isa = PBXResourcesBuildPhase;
			buildActionMask = 2147483647;
			files = (
				A59363BB5C3DE4F3BD51E4A4 /* Assets.xcassets in Resources */,
				7B23584A9B6C26C0D8984C36 /* Inter-Bold.ttf in Resources */,
				9B0DD11A70F2C5340D94C2DB /* Inter-Medium.ttf in Resources */,
				88F6DF7D512568D43C137C61 /* Inter-OFL.txt in Resources */,
				69190BB81A070D08F3251619 /* Inter-Regular.ttf in Resources */,
				A5E29C51C287C972F469FC6B /* Inter-SemiBold.ttf in Resources */,
				F364BA6E265C32EE075427BF /* PlayfairDisplay-OFL.txt in Resources */,
				73134856768E274B337D3FDA /* PlayfairDisplay.ttf in Resources */,
				BC57586436ECD32B0C711FDE /* PrivacyInfo.xcprivacy in Resources */,
				DF778C848CC79E275A935009 /* RobotoMono-Medium.ttf in Resources */,
				8AF45CF5D8A835ABF579E109 /* RobotoMono-OFL.txt in Resources */,
				D43068233BC7C0D981FC490B /* RobotoMono-Regular.ttf in Resources */,
			);
			runOnlyForDeploymentPostprocessing = 0;
		};
		C625512B36B22E2FD2967E26 /* Resources */ = {
			isa = PBXResourcesBuildPhase;
			buildActionMask = 2147483647;
			files = (
				31582675706C3DC7DBD72022 /* Inter-Bold.ttf in Resources */,
				789D7B7E9F60458A947F8372 /* Inter-Medium.ttf in Resources */,
				BD30635423F68E1BB6969664 /* Inter-Regular.ttf in Resources */,
				2B6989BE67DE7B010A4183DB /* Inter-SemiBold.ttf in Resources */,
				C8D43C249B526F471087DCC4 /* PlayfairDisplay.ttf in Resources */,
				8D738F930FC826A11E790B6F /* RobotoMono-Medium.ttf in Resources */,
				4F5665867EECA543740A3794 /* RobotoMono-Regular.ttf in Resources */,
			);
			runOnlyForDeploymentPostprocessing = 0;
		};
/* End PBXResourcesBuildPhase section */

/* Begin PBXSourcesBuildPhase section */
		408BEAB7C69882310A060858 /* Sources */ = {
			isa = PBXSourcesBuildPhase;
			buildActionMask = 2147483647;
			files = (
				41EA258C0DAC979563D37DD1 /* CRUDEdgeCaseTests.swift in Sources */,
				32D9431B9CCFFDDF810DDAB8 /* EditorLogicTests.swift in Sources */,
				A242B55E8EFA2B83319160F0 /* FinalDraftXMLWriterDeepTests.swift in Sources */,
				F51ED583A2CCBC90CD9D2BD8 /* FinalDraftXMLWriterTests.swift in Sources */,
				7B81B947626453E7EFD8A9EF /* FountainParserTests.swift in Sources */,
				AFDAE0EA65484E2108E2DD45 /* FountainRoundTripTests.swift in Sources */,
				60353FCE2B1B2736F4A0327E /* MeasurePageCountTests.swift in Sources */,
				056B1BA8D0402D0E3F469539 /* PDFLayoutTests.swift in Sources */,
				26CFFF1E938FBA5E7D494F5D /* PDFPageBreakTests.swift in Sources */,
				E25B5584856EFCF695FF9F4A /* PDFRenderSmokeTests.swift in Sources */,
				8523ED7AB04F36264A3E353A /* PDFTitlePageTests.swift in Sources */,
				916EEA4BD42E8AAE07AE0292 /* ReorderAndStatusTests.swift in Sources */,
				34C7BD445A5450DFFFAC0F1D /* SceneHeadingParserTests.swift in Sources */,
				7EF3CE1DE43D0695BF4B4E61 /* ScenePDFContentTests.swift in Sources */,
				9F8CC214502FCE62ED6B0F4D /* SearchAndCharacterReportTests.swift in Sources */,
				86E5E00F795CD2967D14DDA0 /* SessionPersistenceTests.swift in Sources */,
				D5B6C1D6E07B42A741EB79F5 /* SwiftDataCRUDTests.swift in Sources */,
			);
			runOnlyForDeploymentPostprocessing = 0;
		};
		9BD4D25DB4E542A3A69516E7 /* Sources */ = {
			isa = PBXSourcesBuildPhase;
			buildActionMask = 2147483647;
			files = (
				D2976059AECC1EDEB2B09964 /* IndexCardsPane.swift in Sources */,
				144142179327150946EF429F /* LibrarySidebar.swift in Sources */,
				2D552732A137B6D9E01EFFFE /* LibraryWindowView.swift in Sources */,
				E502FDA343AC2117F9A1736A /* OutlinePane.swift in Sources */,
				922C18DAC021EE66F7C5DABC /* PenovaMacApp.swift in Sources */,
				BE59EA6A43682E9518370802 /* SampleLibrary.swift in Sources */,
				A2C981ECC83CFC236DF1EC2D /* SceneInspector.swift in Sources */,
				FE15DFA88C81ECA666E59F3D /* ScriptEditorPane.swift in Sources */,
			);
			runOnlyForDeploymentPostprocessing = 0;
		};
		D44FA31476161DA9A6F6A6AD /* Sources */ = {
			isa = PBXSourcesBuildPhase;
			buildActionMask = 2147483647;
			files = (
				05CB5087FA61CF1AA1279F4C /* AppFlowView.swift in Sources */,
				65AC2666F3FB5D7A6BFDE537 /* CharacterDetailScreen.swift in Sources */,
				AEB6496287E2AB90F38BA9D4 /* CharactersTabScreen.swift in Sources */,
				45303C6FD7E32611E6895DFF /* DesignSystemGallery.swift in Sources */,
				284884FFE3AD913EBC5470DD /* EditorLogic.swift in Sources */,
				98C4412427DA93BEA7000304 /* EpisodeDetailScreen.swift in Sources */,
				EF10AD4FB1EB99795AA890C9 /* ExportShareSheet.swift in Sources */,
				6DC007852CF55E8E8331A675 /* FinalDraftXMLWriter.swift in Sources */,
				F7A2A61B747C72927BC704E9 /* FountainExporter.swift in Sources */,
				0AE426C3671EECCAD7FBD2CF /* FountainImportPicker.swift in Sources */,
				89D5691A4D926B8A36B212BC /* FountainParser.swift in Sources */,
				F38BC3613DF870B47C1379AA /* GlobalSearchView.swift in Sources */,
				B8172462B32AC9F3A7940A93 /* HomeScreen.swift in Sources */,
				960B361F049C22AC5F8905BB /* NewCharacterSheet.swift in Sources */,
				69E1F46CB2DBE5B025D50B30 /* NewEpisodeSheet.swift in Sources */,
				FEA45B391C76DB181CB67EE4 /* NewProjectSheet.swift in Sources */,
				922ED698C5CE9FD4CDC4DF88 /* NewSceneSheet.swift in Sources */,
				AEC78FAC7C174237B4CA0A6C /* OnboardingScreen.swift in Sources */,
				EC0FE37E44AEC0C693E9E9EA /* PenovaApp.swift in Sources */,
				6DAF2A5656E5286EA2CE1DEA /* ProjectDetailScreen.swift in Sources */,
				0B22BADB791826FE15738A6C /* RootView.swift in Sources */,
				AB1B1DB6D66A34370C194C98 /* SceneDetailScreen.swift in Sources */,
				CB65D7D98B9E6753BF99F52C /* SceneHeadingParser.swift in Sources */,
				CD037E801F8F3A31C84D0EE7 /* ScenesTabScreen.swift in Sources */,
				A6E6D549D31EC32D0F1C3B40 /* ScreenshotMode.swift in Sources */,
				0558212BAB6B626A87C40DCE /* ScriptPDFRenderer.swift in Sources */,
				D9696A8E089D5E9CCA8856EA /* ScriptsTabScreen.swift in Sources */,
				4DC274E8363B8E0B21D539BA /* SeedData.swift in Sources */,
				124441D3EA9131225BE4F16C /* SettingsScreen.swift in Sources */,
				FD2F533A3237E7A629520350 /* SplashScreen.swift in Sources */,
				15CBDE9031EE185AAE07D1F1 /* VoiceCaptureSheet.swift in Sources */,
			);
			runOnlyForDeploymentPostprocessing = 0;
		};
/* End PBXSourcesBuildPhase section */

/* Begin PBXTargetDependency section */
		4074EA34C28E16F43DDB4C0A /* PBXTargetDependency */ = {
			isa = PBXTargetDependency;
			target = 4346D55D19BD2F63304DED35 /* Penova */;
			targetProxy = 3C8F5058C8FA7E2297ACB61E /* PBXContainerItemProxy */;
		};
/* End PBXTargetDependency section */

/* Begin XCBuildConfiguration section */
		050161D1FF7A7399DE83B24D /* Debug */ = {
			isa = XCBuildConfiguration;
			buildSettings = {
				ALWAYS_SEARCH_USER_PATHS = NO;
				CLANG_ANALYZER_NONNULL = YES;
				CLANG_ANALYZER_NUMBER_OBJECT_CONVERSION = YES_AGGRESSIVE;
				CLANG_CXX_LANGUAGE_STANDARD = "gnu++14";
				CLANG_CXX_LIBRARY = "libc++";
				CLANG_ENABLE_MODULES = YES;
				CLANG_ENABLE_OBJC_ARC = YES;
				CLANG_ENABLE_OBJC_WEAK = YES;
				CLANG_WARN_BLOCK_CAPTURE_AUTORELEASING = YES;
				CLANG_WARN_BOOL_CONVERSION = YES;
				CLANG_WARN_COMMA = YES;
				CLANG_WARN_CONSTANT_CONVERSION = YES;
				CLANG_WARN_DEPRECATED_OBJC_IMPLEMENTATIONS = YES;
				CLANG_WARN_DIRECT_OBJC_ISA_USAGE = YES_ERROR;
				CLANG_WARN_DOCUMENTATION_COMMENTS = YES;
				CLANG_WARN_EMPTY_BODY = YES;
				CLANG_WARN_ENUM_CONVERSION = YES;
				CLANG_WARN_INFINITE_RECURSION = YES;
				CLANG_WARN_INT_CONVERSION = YES;
				CLANG_WARN_NON_LITERAL_NULL_CONVERSION = YES;
				CLANG_WARN_OBJC_IMPLICIT_RETAIN_SELF = YES;
				CLANG_WARN_OBJC_LITERAL_CONVERSION = YES;
				CLANG_WARN_OBJC_ROOT_CLASS = YES_ERROR;
				CLANG_WARN_QUOTED_INCLUDE_IN_FRAMEWORK_HEADER = YES;
				CLANG_WARN_RANGE_LOOP_ANALYSIS = YES;
				CLANG_WARN_STRICT_PROTOTYPES = YES;
				CLANG_WARN_SUSPICIOUS_MOVE = YES;
				CLANG_WARN_UNGUARDED_AVAILABILITY = YES_AGGRESSIVE;
				CLANG_WARN_UNREACHABLE_CODE = YES;
				CLANG_WARN__DUPLICATE_METHOD_MATCH = YES;
				COPY_PHASE_STRIP = NO;
				DEBUG_INFORMATION_FORMAT = dwarf;
				DEVELOPMENT_LANGUAGE = en;
				ENABLE_PREVIEWS = YES;
				ENABLE_STRICT_OBJC_MSGSEND = YES;
				ENABLE_TESTABILITY = YES;
				GCC_C_LANGUAGE_STANDARD = gnu11;
				GCC_DYNAMIC_NO_PIC = NO;
				GCC_NO_COMMON_BLOCKS = YES;
				GCC_OPTIMIZATION_LEVEL = 0;
				GCC_PREPROCESSOR_DEFINITIONS = (
					"$(inherited)",
					"DEBUG=1",
				);
				GCC_WARN_64_TO_32_BIT_CONVERSION = YES;
				GCC_WARN_ABOUT_RETURN_TYPE = YES_ERROR;
				GCC_WARN_UNDECLARED_SELECTOR = YES;
				GCC_WARN_UNINITIALIZED_AUTOS = YES_AGGRESSIVE;
				GCC_WARN_UNUSED_FUNCTION = YES;
				GCC_WARN_UNUSED_VARIABLE = YES;
				IPHONEOS_DEPLOYMENT_TARGET = 17.0;
				MACOSX_DEPLOYMENT_TARGET = 14.0;
				MTL_ENABLE_DEBUG_INFO = INCLUDE_SOURCE;
				MTL_FAST_MATH = YES;
				ONLY_ACTIVE_ARCH = YES;
				PRODUCT_NAME = "$(TARGET_NAME)";
				SWIFT_ACTIVE_COMPILATION_CONDITIONS = DEBUG;
				SWIFT_EMIT_LOC_STRINGS = YES;
				SWIFT_OPTIMIZATION_LEVEL = "-Onone";
				SWIFT_VERSION = 5.10;
				TARGETED_DEVICE_FAMILY = 1;
			};
			name = Debug;
		};
		138AA27EC2547B6C5D48A9AE /* Release */ = {
			isa = XCBuildConfiguration;
			buildSettings = {
				BUNDLE_LOADER = "$(TEST_HOST)";
				GENERATE_INFOPLIST_FILE = YES;
				IPHONEOS_DEPLOYMENT_TARGET = 17.0;
				LD_RUNPATH_SEARCH_PATHS = (
					"$(inherited)",
					"@executable_path/Frameworks",
					"@loader_path/Frameworks",
				);
				PRODUCT_BUNDLE_IDENTIFIER = com.rudrapratapsingh.penova.tests;
				SDKROOT = iphoneos;
				TARGETED_DEVICE_FAMILY = "1,2";
				TEST_HOST = "$(BUILT_PRODUCTS_DIR)/Penova.app/Penova";
			};
			name = Release;
		};
		43E21F0CCCE8F5C03ECE5D50 /* Debug */ = {
			isa = XCBuildConfiguration;
			buildSettings = {
				BUNDLE_LOADER = "$(TEST_HOST)";
				GENERATE_INFOPLIST_FILE = YES;
				IPHONEOS_DEPLOYMENT_TARGET = 17.0;
				LD_RUNPATH_SEARCH_PATHS = (
					"$(inherited)",
					"@executable_path/Frameworks",
					"@loader_path/Frameworks",
				);
				PRODUCT_BUNDLE_IDENTIFIER = com.rudrapratapsingh.penova.tests;
				SDKROOT = iphoneos;
				TARGETED_DEVICE_FAMILY = "1,2";
				TEST_HOST = "$(BUILT_PRODUCTS_DIR)/Penova.app/Penova";
			};
			name = Debug;
		};
		7AC7FDE51F36A3B64FCDF0C4 /* Release */ = {
			isa = XCBuildConfiguration;
			buildSettings = {
				ALWAYS_SEARCH_USER_PATHS = NO;
				CLANG_ANALYZER_NONNULL = YES;
				CLANG_ANALYZER_NUMBER_OBJECT_CONVERSION = YES_AGGRESSIVE;
				CLANG_CXX_LANGUAGE_STANDARD = "gnu++14";
				CLANG_CXX_LIBRARY = "libc++";
				CLANG_ENABLE_MODULES = YES;
				CLANG_ENABLE_OBJC_ARC = YES;
				CLANG_ENABLE_OBJC_WEAK = YES;
				CLANG_WARN_BLOCK_CAPTURE_AUTORELEASING = YES;
				CLANG_WARN_BOOL_CONVERSION = YES;
				CLANG_WARN_COMMA = YES;
				CLANG_WARN_CONSTANT_CONVERSION = YES;
				CLANG_WARN_DEPRECATED_OBJC_IMPLEMENTATIONS = YES;
				CLANG_WARN_DIRECT_OBJC_ISA_USAGE = YES_ERROR;
				CLANG_WARN_DOCUMENTATION_COMMENTS = YES;
				CLANG_WARN_EMPTY_BODY = YES;
				CLANG_WARN_ENUM_CONVERSION = YES;
				CLANG_WARN_INFINITE_RECURSION = YES;
				CLANG_WARN_INT_CONVERSION = YES;
				CLANG_WARN_NON_LITERAL_NULL_CONVERSION = YES;
				CLANG_WARN_OBJC_IMPLICIT_RETAIN_SELF = YES;
				CLANG_WARN_OBJC_LITERAL_CONVERSION = YES;
				CLANG_WARN_OBJC_ROOT_CLASS = YES_ERROR;
				CLANG_WARN_QUOTED_INCLUDE_IN_FRAMEWORK_HEADER = YES;
				CLANG_WARN_RANGE_LOOP_ANALYSIS = YES;
				CLANG_WARN_STRICT_PROTOTYPES = YES;
				CLANG_WARN_SUSPICIOUS_MOVE = YES;
				CLANG_WARN_UNGUARDED_AVAILABILITY = YES_AGGRESSIVE;
				CLANG_WARN_UNREACHABLE_CODE = YES;
				CLANG_WARN__DUPLICATE_METHOD_MATCH = YES;
				COPY_PHASE_STRIP = NO;
				DEBUG_INFORMATION_FORMAT = "dwarf-with-dsym";
				DEVELOPMENT_LANGUAGE = en;
				ENABLE_NS_ASSERTIONS = NO;
				ENABLE_PREVIEWS = YES;
				ENABLE_STRICT_OBJC_MSGSEND = YES;
				GCC_C_LANGUAGE_STANDARD = gnu11;
				GCC_NO_COMMON_BLOCKS = YES;
				GCC_WARN_64_TO_32_BIT_CONVERSION = YES;
				GCC_WARN_ABOUT_RETURN_TYPE = YES_ERROR;
				GCC_WARN_UNDECLARED_SELECTOR = YES;
				GCC_WARN_UNINITIALIZED_AUTOS = YES_AGGRESSIVE;
				GCC_WARN_UNUSED_FUNCTION = YES;
				GCC_WARN_UNUSED_VARIABLE = YES;
				IPHONEOS_DEPLOYMENT_TARGET = 17.0;
				MACOSX_DEPLOYMENT_TARGET = 14.0;
				MTL_ENABLE_DEBUG_INFO = NO;
				MTL_FAST_MATH = YES;
				PRODUCT_NAME = "$(TARGET_NAME)";
				SWIFT_COMPILATION_MODE = wholemodule;
				SWIFT_EMIT_LOC_STRINGS = YES;
				SWIFT_OPTIMIZATION_LEVEL = "-O";
				SWIFT_VERSION = 5.10;
				TARGETED_DEVICE_FAMILY = 1;
			};
			name = Release;
		};
		89B2F481C074F04A75E5AD7C /* Release */ = {
			isa = XCBuildConfiguration;
			buildSettings = {
				ASSETCATALOG_COMPILER_APPICON_NAME = AppIcon;
				CODE_SIGN_ENTITLEMENTS = PenovaMac/App/PenovaMac.entitlements;
				CODE_SIGN_STYLE = Automatic;
				COMBINE_HIDPI_IMAGES = YES;
				CURRENT_PROJECT_VERSION = 1;
				DEVELOPMENT_TEAM = "";
				ENABLE_HARDENED_RUNTIME = YES;
				ENABLE_USER_SCRIPT_SANDBOXING = NO;
				GENERATE_INFOPLIST_FILE = NO;
				INFOPLIST_FILE = PenovaMac/App/Info.plist;
				LD_RUNPATH_SEARCH_PATHS = (
					"$(inherited)",
					"@executable_path/../Frameworks",
				);
				MACOSX_DEPLOYMENT_TARGET = 14.0;
				MARKETING_VERSION = 0.1.0;
				PRODUCT_BUNDLE_IDENTIFIER = com.rudrapratapsingh.penova.mac;
				PRODUCT_NAME = Penova;
				SDKROOT = macosx;
			};
			name = Release;
		};
		8D629F38D4F213EFD6F73BC6 /* Release */ = {
			isa = XCBuildConfiguration;
			buildSettings = {
				ASSETCATALOG_COMPILER_APPICON_NAME = AppIcon;
				ASSETCATALOG_COMPILER_GLOBAL_ACCENT_COLOR_NAME = AccentColor;
				CODE_SIGN_ENTITLEMENTS = Penova/App/Penova.entitlements;
				CODE_SIGN_IDENTITY = "iPhone Developer";
				CODE_SIGN_STYLE = Automatic;
				CURRENT_PROJECT_VERSION = 1;
				DEVELOPMENT_TEAM = "";
				GENERATE_INFOPLIST_FILE = NO;
				INFOPLIST_FILE = Penova/App/Info.plist;
				INFOPLIST_KEY_UIApplicationSceneManifest_Generation = YES;
				INFOPLIST_KEY_UILaunchScreen_Generation = YES;
				INFOPLIST_KEY_UIStatusBarStyle = UIStatusBarStyleLightContent;
				INFOPLIST_KEY_UISupportedInterfaceOrientations_iPhone = UIInterfaceOrientationPortrait;
				INFOPLIST_KEY_UIUserInterfaceStyle = Dark;
				IPHONEOS_DEPLOYMENT_TARGET = 17.0;
				LD_RUNPATH_SEARCH_PATHS = (
					"$(inherited)",
					"@executable_path/Frameworks",
				);
				MARKETING_VERSION = 1.0.0;
				PRODUCT_BUNDLE_IDENTIFIER = com.rudrapratapsingh.penova;
				PRODUCT_NAME = Penova;
				SDKROOT = iphoneos;
				SUPPORTS_MACCATALYST = NO;
				SUPPORTS_MAC_DESIGNED_FOR_IPHONE_IPAD = NO;
				SUPPORTS_XR_DESIGNED_FOR_IPHONE_IPAD = NO;
				TARGETED_DEVICE_FAMILY = 1;
			};
			name = Release;
		};
		B374E7C7A3DF1FDFCACF58E8 /* Debug */ = {
			isa = XCBuildConfiguration;
			buildSettings = {
				ASSETCATALOG_COMPILER_APPICON_NAME = AppIcon;
				ASSETCATALOG_COMPILER_GLOBAL_ACCENT_COLOR_NAME = AccentColor;
				CODE_SIGN_ENTITLEMENTS = Penova/App/Penova.entitlements;
				CODE_SIGN_IDENTITY = "iPhone Developer";
				CODE_SIGN_STYLE = Automatic;
				CURRENT_PROJECT_VERSION = 1;
				DEVELOPMENT_TEAM = "";
				GENERATE_INFOPLIST_FILE = NO;
				INFOPLIST_FILE = Penova/App/Info.plist;
				INFOPLIST_KEY_UIApplicationSceneManifest_Generation = YES;
				INFOPLIST_KEY_UILaunchScreen_Generation = YES;
				INFOPLIST_KEY_UIStatusBarStyle = UIStatusBarStyleLightContent;
				INFOPLIST_KEY_UISupportedInterfaceOrientations_iPhone = UIInterfaceOrientationPortrait;
				INFOPLIST_KEY_UIUserInterfaceStyle = Dark;
				IPHONEOS_DEPLOYMENT_TARGET = 17.0;
				LD_RUNPATH_SEARCH_PATHS = (
					"$(inherited)",
					"@executable_path/Frameworks",
				);
				MARKETING_VERSION = 1.0.0;
				PRODUCT_BUNDLE_IDENTIFIER = com.rudrapratapsingh.penova;
				PRODUCT_NAME = Penova;
				SDKROOT = iphoneos;
				SUPPORTS_MACCATALYST = NO;
				SUPPORTS_MAC_DESIGNED_FOR_IPHONE_IPAD = NO;
				SUPPORTS_XR_DESIGNED_FOR_IPHONE_IPAD = NO;
				TARGETED_DEVICE_FAMILY = 1;
			};
			name = Debug;
		};
		FCE9138C16065FED0D23B858 /* Debug */ = {
			isa = XCBuildConfiguration;
			buildSettings = {
				ASSETCATALOG_COMPILER_APPICON_NAME = AppIcon;
				CODE_SIGN_ENTITLEMENTS = PenovaMac/App/PenovaMac.entitlements;
				CODE_SIGN_STYLE = Automatic;
				COMBINE_HIDPI_IMAGES = YES;
				CURRENT_PROJECT_VERSION = 1;
				DEVELOPMENT_TEAM = "";
				ENABLE_HARDENED_RUNTIME = YES;
				ENABLE_USER_SCRIPT_SANDBOXING = NO;
				GENERATE_INFOPLIST_FILE = NO;
				INFOPLIST_FILE = PenovaMac/App/Info.plist;
				LD_RUNPATH_SEARCH_PATHS = (
					"$(inherited)",
					"@executable_path/../Frameworks",
				);
				MACOSX_DEPLOYMENT_TARGET = 14.0;
				MARKETING_VERSION = 0.1.0;
				PRODUCT_BUNDLE_IDENTIFIER = com.rudrapratapsingh.penova.mac;
				PRODUCT_NAME = Penova;
				SDKROOT = macosx;
			};
			name = Debug;
		};
/* End XCBuildConfiguration section */

/* Begin XCConfigurationList section */
		2D6F69544E0C4AFA54AFCF6E /* Build configuration list for PBXNativeTarget "PenovaTests" */ = {
			isa = XCConfigurationList;
			buildConfigurations = (
				43E21F0CCCE8F5C03ECE5D50 /* Debug */,
				138AA27EC2547B6C5D48A9AE /* Release */,
			);
			defaultConfigurationIsVisible = 0;
			defaultConfigurationName = Debug;
		};
		59D95BA9A60088E18EC0A2AA /* Build configuration list for PBXNativeTarget "PenovaMac" */ = {
			isa = XCConfigurationList;
			buildConfigurations = (
				FCE9138C16065FED0D23B858 /* Debug */,
				89B2F481C074F04A75E5AD7C /* Release */,
			);
			defaultConfigurationIsVisible = 0;
			defaultConfigurationName = Debug;
		};
		8774DC3BE088BD6C86514B8E /* Build configuration list for PBXNativeTarget "Penova" */ = {
			isa = XCConfigurationList;
			buildConfigurations = (
				B374E7C7A3DF1FDFCACF58E8 /* Debug */,
				8D629F38D4F213EFD6F73BC6 /* Release */,
			);
			defaultConfigurationIsVisible = 0;
			defaultConfigurationName = Debug;
		};
		F4DAF84D725703BDB320BCB0 /* Build configuration list for PBXProject "Penova" */ = {
			isa = XCConfigurationList;
			buildConfigurations = (
				050161D1FF7A7399DE83B24D /* Debug */,
				7AC7FDE51F36A3B64FCDF0C4 /* Release */,
			);
			defaultConfigurationIsVisible = 0;
			defaultConfigurationName = Debug;
		};
/* End XCConfigurationList section */

/* Begin XCLocalSwiftPackageReference section */
		4B5667F0D74218287E7E35C5 /* XCLocalSwiftPackageReference "PenovaKit" */ = {
			isa = XCLocalSwiftPackageReference;
			relativePath = PenovaKit;
		};
/* End XCLocalSwiftPackageReference section */

/* Begin XCSwiftPackageProductDependency section */
		7760500F46C4641D7074B00A /* PenovaKit */ = {
			isa = XCSwiftPackageProductDependency;
			productName = PenovaKit;
		};
		D5C1939D3C4FC1EAAA56C020 /* PenovaKit */ = {
			isa = XCSwiftPackageProductDependency;
			productName = PenovaKit;
		};
/* End XCSwiftPackageProductDependency section */
	};
	rootObject = 49DA52B5E2104ACC6DAE449F /* Project object */;
}
